// !$*UTF8*$!
{
	archiveVersion = 1;
	classes = {
	};
	objectVersion = 56;
	objects = {

/* Begin PBXBuildFile section */
		DD02EE3A2DAFD54A002081C3 /* Achievements.swift in Sources */ = {isa = PBXBuildFile; fileRef = DD02EE392DAFD54A002081C3 /* Achievements.swift */; };
		DD02EE3C2DAFE5E9002081C3 /* SoundManager.swift in Sources */ = {isa = PBXBuildFile; fileRef = DD02EE3B2DAFE5E9002081C3 /* SoundManager.swift */; };
		DD02EE402DAFE612002081C3 /* catchSound.mp3 in Resources */ = {isa = PBXBuildFile; fileRef = DD02EE3D2DAFE612002081C3 /* catchSound.mp3 */; };
		DD02EE412DAFE612002081C3 /* dropSound.mp3 in Resources */ = {isa = PBXBuildFile; fileRef = DD02EE3E2DAFE612002081C3 /* dropSound.mp3 */; };
		DD02EE422DAFE612002081C3 /* riverSoundMain.mp3 in Resources */ = {isa = PBXBuildFile; fileRef = DD02EE3F2DAFE612002081C3 /* riverSoundMain.mp3 */; };
		DD02EE442DAFE8DC002081C3 /* winSound.mp3 in Resources */ = {isa = PBXBuildFile; fileRef = DD02EE432DAFE8DC002081C3 /* winSound.mp3 */; };
		DD02EE462DAFE9EC002081C3 /* dropWaterSound.mp3 in Resources */ = {isa = PBXBuildFile; fileRef = DD02EE452DAFE9EC002081C3 /* dropWaterSound.mp3 */; };
		DD090C232DA7F0E9008485C4 /* Settings.swift in Sources */ = {isa = PBXBuildFile; fileRef = DD090C222DA7F0E9008485C4 /* Settings.swift */; };
		DD090C252DA809F6008485C4 /* PassionOne-Black.ttf in Resources */ = {isa = PBXBuildFile; fileRef = DD090C242DA809F6008485C4 /* PassionOne-Black.ttf */; };
		DD090C282DA80A2B008485C4 /* DayCatchView.swift in Sources */ = {isa = PBXBuildFile; fileRef = DD090C272DA80A2B008485C4 /* DayCatchView.swift */; };
		DD090C2A2DA90B5B008485C4 /* Shop.swift in Sources */ = {isa = PBXBuildFile; fileRef = DD090C292DA90B5B008485C4 /* Shop.swift */; };
		DD090C2C2DA96855008485C4 /* DailyQuest.swift in Sources */ = {isa = PBXBuildFile; fileRef = DD090C2B2DA96855008485C4 /* DailyQuest.swift */; };
		DD1FE67A2DA6933A00CFA58F /* Pearl_RiverApp.swift in Sources */ = {isa = PBXBuildFile; fileRef = DD1FE6792DA6933A00CFA58F /* Pearl_RiverApp.swift */; };
		DD1FE67E2DA6933C00CFA58F /* Assets.xcassets in Resources */ = {isa = PBXBuildFile; fileRef = DD1FE67D2DA6933C00CFA58F /* Assets.xcassets */; };
		DD1FE6822DA6933C00CFA58F /* Preview Assets.xcassets in Resources */ = {isa = PBXBuildFile; fileRef = DD1FE6812DA6933C00CFA58F /* Preview Assets.xcassets */; };
		DD1FE6902DA693B000CFA58F /* Loading.swift in Sources */ = {isa = PBXBuildFile; fileRef = DD1FE68F2DA693B000CFA58F /* Loading.swift */; };
		DD1FE6922DA693B700CFA58F /* Menu.swift in Sources */ = {isa = PBXBuildFile; fileRef = DD1FE6912DA693B700CFA58F /* Menu.swift */; };
		DD1FE6942DA693C500CFA58F /* Game.swift in Sources */ = {isa = PBXBuildFile; fileRef = DD1FE6932DA693C500CFA58F /* Game.swift */; };
		DD1FE6962DA693DF00CFA58F /* Coordinator.swift in Sources */ = {isa = PBXBuildFile; fileRef = DD1FE6952DA693DF00CFA58F /* Coordinator.swift */; };
		DD1FE6982DA693FF00CFA58F /* SizeExtention.swift in Sources */ = {isa = PBXBuildFile; fileRef = DD1FE6972DA693FF00CFA58F /* SizeExtention.swift */; };
		DD1FE69A2DA6941500CFA58F /* ColorExtention.swift in Sources */ = {isa = PBXBuildFile; fileRef = DD1FE6992DA6941500CFA58F /* ColorExtention.swift */; };
		DD1FE69C2DA6943000CFA58F /* Model.swift in Sources */ = {isa = PBXBuildFile; fileRef = DD1FE69B2DA6943000CFA58F /* Model.swift */; };
		DD1FE69E2DA6946200CFA58F /* Background.swift in Sources */ = {isa = PBXBuildFile; fileRef = DD1FE69D2DA6946200CFA58F /* Background.swift */; };
		DD1FE6A02DA6948C00CFA58F /* Controller.swift in Sources */ = {isa = PBXBuildFile; fileRef = DD1FE69F2DA6948C00CFA58F /* Controller.swift */; };
		DD5CAB732DAF022F00C8A1F3 /* GameFinish.swift in Sources */ = {isa = PBXBuildFile; fileRef = DD5CAB722DAF022F00C8A1F3 /* GameFinish.swift */; };
/* End PBXBuildFile section */

/* Begin PBXFileReference section */
		DD02EE392DAFD54A002081C3 /* Achievements.swift */ = {isa = PBXFileReference; lastKnownFileType = sourcecode.swift; path = Achievements.swift; sourceTree = "<group>"; };
		DD02EE3B2DAFE5E9002081C3 /* SoundManager.swift */ = {isa = PBXFileReference; lastKnownFileType = sourcecode.swift; path = SoundManager.swift; sourceTree = "<group>"; };
		DD02EE3D2DAFE612002081C3 /* catchSound.mp3 */ = {isa = PBXFileReference; lastKnownFileType = audio.mp3; path = catchSound.mp3; sourceTree = "<group>"; };
		DD02EE3E2DAFE612002081C3 /* dropSound.mp3 */ = {isa = PBXFileReference; lastKnownFileType = audio.mp3; path = dropSound.mp3; sourceTree = "<group>"; };
		DD02EE3F2DAFE612002081C3 /* riverSoundMain.mp3 */ = {isa = PBXFileReference; lastKnownFileType = audio.mp3; path = riverSoundMain.mp3; sourceTree = "<group>"; };
		DD02EE432DAFE8DC002081C3 /* winSound.mp3 */ = {isa = PBXFileReference; lastKnownFileType = audio.mp3; path = winSound.mp3; sourceTree = "<group>"; };
		DD02EE452DAFE9EC002081C3 /* dropWaterSound.mp3 */ = {isa = PBXFileReference; lastKnownFileType = audio.mp3; path = dropWaterSound.mp3; sourceTree = "<group>"; };
		DD090C222DA7F0E9008485C4 /* Settings.swift */ = {isa = PBXFileReference; lastKnownFileType = sourcecode.swift; path = Settings.swift; sourceTree = "<group>"; };
		DD090C242DA809F6008485C4 /* PassionOne-Black.ttf */ = {isa = PBXFileReference; lastKnownFileType = file; path = "PassionOne-Black.ttf"; sourceTree = "<group>"; };
		DD090C262DA80A05008485C4 /* Pearl-River-Info.plist */ = {isa = PBXFileReference; lastKnownFileType = text.plist; path = "Pearl-River-Info.plist"; sourceTree = SOURCE_ROOT; };
		DD090C272DA80A2B008485C4 /* DayCatchView.swift */ = {isa = PBXFileReference; lastKnownFileType = sourcecode.swift; path = DayCatchView.swift; sourceTree = "<group>"; };
		DD090C292DA90B5B008485C4 /* Shop.swift */ = {isa = PBXFileReference; lastKnownFileType = sourcecode.swift; path = Shop.swift; sourceTree = "<group>"; };
		DD090C2B2DA96855008485C4 /* DailyQuest.swift */ = {isa = PBXFileReference; lastKnownFileType = sourcecode.swift; path = DailyQuest.swift; sourceTree = "<group>"; };
		DD1FE6762DA6933A00CFA58F /* Pearl River Games.app */ = {isa = PBXFileReference; explicitFileType = wrapper.application; includeInIndex = 0; path = "Pearl River Games.app"; sourceTree = BUILT_PRODUCTS_DIR; };
		DD1FE6792DA6933A00CFA58F /* Pearl_RiverApp.swift */ = {isa = PBXFileReference; lastKnownFileType = sourcecode.swift; path = Pearl_RiverApp.swift; sourceTree = "<group>"; };
		DD1FE67D2DA6933C00CFA58F /* Assets.xcassets */ = {isa = PBXFileReference; lastKnownFileType = folder.assetcatalog; path = Assets.xcassets; sourceTree = "<group>"; };
		DD1FE67F2DA6933C00CFA58F /* Pearl_River.entitlements */ = {isa = PBXFileReference; lastKnownFileType = text.plist.entitlements; path = Pearl_River.entitlements; sourceTree = "<group>"; };
		DD1FE6812DA6933C00CFA58F /* Preview Assets.xcassets */ = {isa = PBXFileReference; lastKnownFileType = folder.assetcatalog; path = "Preview Assets.xcassets"; sourceTree = "<group>"; };
		DD1FE68F2DA693B000CFA58F /* Loading.swift */ = {isa = PBXFileReference; lastKnownFileType = sourcecode.swift; path = Loading.swift; sourceTree = "<group>"; };
		DD1FE6912DA693B700CFA58F /* Menu.swift */ = {isa = PBXFileReference; lastKnownFileType = sourcecode.swift; path = Menu.swift; sourceTree = "<group>"; };
		DD1FE6932DA693C500CFA58F /* Game.swift */ = {isa = PBXFileReference; lastKnownFileType = sourcecode.swift; path = Game.swift; sourceTree = "<group>"; };
		DD1FE6952DA693DF00CFA58F /* Coordinator.swift */ = {isa = PBXFileReference; lastKnownFileType = sourcecode.swift; path = Coordinator.swift; sourceTree = "<group>"; };
		DD1FE6972DA693FF00CFA58F /* SizeExtention.swift */ = {isa = PBXFileReference; lastKnownFileType = sourcecode.swift; path = SizeExtention.swift; sourceTree = "<group>"; };
		DD1FE6992DA6941500CFA58F /* ColorExtention.swift */ = {isa = PBXFileReference; lastKnownFileType = sourcecode.swift; path = ColorExtention.swift; sourceTree = "<group>"; };
		DD1FE69B2DA6943000CFA58F /* Model.swift */ = {isa = PBXFileReference; lastKnownFileType = sourcecode.swift; path = Model.swift; sourceTree = "<group>"; };
		DD1FE69D2DA6946200CFA58F /* Background.swift */ = {isa = PBXFileReference; lastKnownFileType = sourcecode.swift; path = Background.swift; sourceTree = "<group>"; };
		DD1FE69F2DA6948C00CFA58F /* Controller.swift */ = {isa = PBXFileReference; lastKnownFileType = sourcecode.swift; path = Controller.swift; sourceTree = "<group>"; };
		DD5CAB722DAF022F00C8A1F3 /* GameFinish.swift */ = {isa = PBXFileReference; lastKnownFileType = sourcecode.swift; path = GameFinish.swift; sourceTree = "<group>"; };
/* End PBXFileReference section */

/* Begin PBXFrameworksBuildPhase section */
		DD1FE6732DA6933A00CFA58F /* Frameworks */ = {
			isa = PBXFrameworksBuildPhase;
			buildActionMask = 2147483647;
			files = (
			);
			runOnlyForDeploymentPostprocessing = 0;
		};
/* End PBXFrameworksBuildPhase section */

/* Begin PBXGroup section */
		DD1FE66D2DA6933A00CFA58F = {
			isa = PBXGroup;
			children = (
				DD1FE6782DA6933A00CFA58F /* Pearl River */,
				DD1FE6772DA6933A00CFA58F /* Products */,
			);
			sourceTree = "<group>";
		};
		DD1FE6772DA6933A00CFA58F /* Products */ = {
			isa = PBXGroup;
			children = (
				DD1FE6762DA6933A00CFA58F /* Pearl River Games.app */,
			);
			name = Products;
			sourceTree = "<group>";
		};
		DD1FE6782DA6933A00CFA58F /* Pearl River */ = {
			isa = PBXGroup;
			children = (
				DD090C262DA80A05008485C4 /* Pearl-River-Info.plist */,
				DD1FE6792DA6933A00CFA58F /* Pearl_RiverApp.swift */,
				DD1FE6882DA6935800CFA58F /* Views */,
				DD1FE6892DA6935E00CFA58F /* SubViews */,
				DD1FE68A2DA6936700CFA58F /* Extentions */,
				DD1FE68C2DA6937700CFA58F /* Coordinator */,
				DD1FE68B2DA6937000CFA58F /* Models */,
				DD1FE68D2DA6937F00CFA58F /* Fonts */,
				DD1FE68E2DA6938500CFA58F /* Sounds */,
				DD1FE67D2DA6933C00CFA58F /* Assets.xcassets */,
				DD1FE67F2DA6933C00CFA58F /* Pearl_River.entitlements */,
				DD1FE6802DA6933C00CFA58F /* Preview Content */,
			);
			path = "Pearl River";
			sourceTree = "<group>";
		};
		DD1FE6802DA6933C00CFA58F /* Preview Content */ = {
			isa = PBXGroup;
			children = (
				DD1FE6812DA6933C00CFA58F /* Preview Assets.xcassets */,
			);
			path = "Preview Content";
			sourceTree = "<group>";
		};
		DD1FE6882DA6935800CFA58F /* Views */ = {
			isa = PBXGroup;
			children = (
				DD1FE68F2DA693B000CFA58F /* Loading.swift */,
				DD1FE6912DA693B700CFA58F /* Menu.swift */,
				DD1FE6932DA693C500CFA58F /* Game.swift */,
			);
			path = Views;
			sourceTree = "<group>";
		};
		DD1FE6892DA6935E00CFA58F /* SubViews */ = {
			isa = PBXGroup;
			children = (
				DD1FE69D2DA6946200CFA58F /* Background.swift */,
				DD1FE69F2DA6948C00CFA58F /* Controller.swift */,
				DD090C222DA7F0E9008485C4 /* Settings.swift */,
				DD090C272DA80A2B008485C4 /* DayCatchView.swift */,
				DD090C292DA90B5B008485C4 /* Shop.swift */,
				DD090C2B2DA96855008485C4 /* DailyQuest.swift */,
				DD5CAB722DAF022F00C8A1F3 /* GameFinish.swift */,
				DD02EE392DAFD54A002081C3 /* Achievements.swift */,
			);
			path = SubViews;
			sourceTree = "<group>";
		};
		DD1FE68A2DA6936700CFA58F /* Extentions */ = {
			isa = PBXGroup;
			children = (
				DD1FE6972DA693FF00CFA58F /* SizeExtention.swift */,
				DD1FE6992DA6941500CFA58F /* ColorExtention.swift */,
			);
			path = Extentions;
			sourceTree = "<group>";
		};
		DD1FE68B2DA6937000CFA58F /* Models */ = {
			isa = PBXGroup;
			children = (
				DD1FE69B2DA6943000CFA58F /* Model.swift */,
			);
			path = Models;
			sourceTree = "<group>";
		};
		DD1FE68C2DA6937700CFA58F /* Coordinator */ = {
			isa = PBXGroup;
			children = (
				DD1FE6952DA693DF00CFA58F /* Coordinator.swift */,
			);
			path = Coordinator;
			sourceTree = "<group>";
		};
		DD1FE68D2DA6937F00CFA58F /* Fonts */ = {
			isa = PBXGroup;
			children = (
				DD090C242DA809F6008485C4 /* PassionOne-Black.ttf */,
			);
			path = Fonts;
			sourceTree = "<group>";
		};
		DD1FE68E2DA6938500CFA58F /* Sounds */ = {
			isa = PBXGroup;
			children = (
				DD02EE452DAFE9EC002081C3 /* dropWaterSound.mp3 */,
				DD02EE432DAFE8DC002081C3 /* winSound.mp3 */,
				DD02EE3D2DAFE612002081C3 /* catchSound.mp3 */,
				DD02EE3E2DAFE612002081C3 /* dropSound.mp3 */,
				DD02EE3F2DAFE612002081C3 /* riverSoundMain.mp3 */,
				DD02EE3B2DAFE5E9002081C3 /* SoundManager.swift */,
			);
			path = Sounds;
			sourceTree = "<group>";
		};
/* End PBXGroup section */

/* Begin PBXNativeTarget section */
		DD1FE6752DA6933A00CFA58F /* Pearl River */ = {
			isa = PBXNativeTarget;
			buildConfigurationList = DD1FE6852DA6933C00CFA58F /* Build configuration list for PBXNativeTarget "Pearl River" */;
			buildPhases = (
				DD1FE6722DA6933A00CFA58F /* Sources */,
				DD1FE6732DA6933A00CFA58F /* Frameworks */,
				DD1FE6742DA6933A00CFA58F /* Resources */,
			);
			buildRules = (
			);
			dependencies = (
			);
			name = "Pearl River";
			productName = "Pearl River";
			productReference = DD1FE6762DA6933A00CFA58F /* Pearl River Games.app */;
			productType = "com.apple.product-type.application";
		};
/* End PBXNativeTarget section */

/* Begin PBXProject section */
		DD1FE66E2DA6933A00CFA58F /* Project object */ = {
			isa = PBXProject;
			attributes = {
				BuildIndependentTargetsInParallel = 1;
				LastSwiftUpdateCheck = 1540;
				LastUpgradeCheck = 1540;
				TargetAttributes = {
					DD1FE6752DA6933A00CFA58F = {
						CreatedOnToolsVersion = 15.4;
					};
				};
			};
			buildConfigurationList = DD1FE6712DA6933A00CFA58F /* Build configuration list for PBXProject "Pearl River" */;
			compatibilityVersion = "Xcode 14.0";
			developmentRegion = en;
			hasScannedForEncodings = 0;
			knownRegions = (
				en,
				Base,
			);
			mainGroup = DD1FE66D2DA6933A00CFA58F;
			productRefGroup = DD1FE6772DA6933A00CFA58F /* Products */;
			projectDirPath = "";
			projectRoot = "";
			targets = (
				DD1FE6752DA6933A00CFA58F /* Pearl River */,
			);
		};
/* End PBXProject section */

/* Begin PBXResourcesBuildPhase section */
		DD1FE6742DA6933A00CFA58F /* Resources */ = {
			isa = PBXResourcesBuildPhase;
			buildActionMask = 2147483647;
			files = (
				DD02EE422DAFE612002081C3 /* riverSoundMain.mp3 in Resources */,
				DD02EE462DAFE9EC002081C3 /* dropWaterSound.mp3 in Resources */,
				DD02EE402DAFE612002081C3 /* catchSound.mp3 in Resources */,
				DD02EE442DAFE8DC002081C3 /* winSound.mp3 in Resources */,
				DD02EE412DAFE612002081C3 /* dropSound.mp3 in Resources */,
				DD1FE6822DA6933C00CFA58F /* Preview Assets.xcassets in Resources */,
				DD1FE67E2DA6933C00CFA58F /* Assets.xcassets in Resources */,
				DD090C252DA809F6008485C4 /* PassionOne-Black.ttf in Resources */,
			);
			runOnlyForDeploymentPostprocessing = 0;
		};
/* End PBXResourcesBuildPhase section */

/* Begin PBXSourcesBuildPhase section */
		DD1FE6722DA6933A00CFA58F /* Sources */ = {
			isa = PBXSourcesBuildPhase;
			buildActionMask = 2147483647;
			files = (
				DD1FE6922DA693B700CFA58F /* Menu.swift in Sources */,
				DD1FE6902DA693B000CFA58F /* Loading.swift in Sources */,
				DD1FE6962DA693DF00CFA58F /* Coordinator.swift in Sources */,
				DD1FE6982DA693FF00CFA58F /* SizeExtention.swift in Sources */,
				DD090C2C2DA96855008485C4 /* DailyQuest.swift in Sources */,
				DD1FE67A2DA6933A00CFA58F /* Pearl_RiverApp.swift in Sources */,
				DD5CAB732DAF022F00C8A1F3 /* GameFinish.swift in Sources */,
				DD090C282DA80A2B008485C4 /* DayCatchView.swift in Sources */,
				DD1FE6A02DA6948C00CFA58F /* Controller.swift in Sources */,
				DD02EE3A2DAFD54A002081C3 /* Achievements.swift in Sources */,
				DD1FE69E2DA6946200CFA58F /* Background.swift in Sources */,
				DD090C2A2DA90B5B008485C4 /* Shop.swift in Sources */,
				DD1FE6942DA693C500CFA58F /* Game.swift in Sources */,
				DD1FE69A2DA6941500CFA58F /* ColorExtention.swift in Sources */,
				DD090C232DA7F0E9008485C4 /* Settings.swift in Sources */,
				DD1FE69C2DA6943000CFA58F /* Model.swift in Sources */,
				DD02EE3C2DAFE5E9002081C3 /* SoundManager.swift in Sources */,
			);
			runOnlyForDeploymentPostprocessing = 0;
		};
/* End PBXSourcesBuildPhase section */

/* Begin XCBuildConfiguration section */
		DD1FE6832DA6933C00CFA58F /* Debug */ = {
			isa = XCBuildConfiguration;
			buildSettings = {
				ALWAYS_SEARCH_USER_PATHS = NO;
				ASSETCATALOG_COMPILER_GENERATE_SWIFT_ASSET_SYMBOL_EXTENSIONS = YES;
				CLANG_ANALYZER_NONNULL = YES;
				CLANG_ANALYZER_NUMBER_OBJECT_CONVERSION = YES_AGGRESSIVE;
				CLANG_CXX_LANGUAGE_STANDARD = "gnu++20";
				CLANG_ENABLE_MODULES = YES;
				CLANG_ENABLE_OBJC_ARC = YES;
				CLANG_ENABLE_OBJC_WEAK = YES;
				CLANG_WARN_BLOCK_CAPTURE_AUTORELEASING = YES;
				CLANG_WARN_BOOL_CONVERSION = YES;
				CLANG_WARN_COMMA = YES;
				CLANG_WARN_CONSTANT_CONVERSION = YES;
				CLANG_WARN_DEPRECATED_OBJC_IMPLEMENTATIONS = YES;
				CLANG_WARN_DIRECT_OBJC_ISA_USAGE = YES_ERROR;
				CLANG_WARN_DOCUMENTATION_COMMENTS = YES;
				CLANG_WARN_EMPTY_BODY = YES;
				CLANG_WARN_ENUM_CONVERSION = YES;
				CLANG_WARN_INFINITE_RECURSION = YES;
				CLANG_WARN_INT_CONVERSION = YES;
				CLANG_WARN_NON_LITERAL_NULL_CONVERSION = YES;
				CLANG_WARN_OBJC_IMPLICIT_RETAIN_SELF = YES;
				CLANG_WARN_OBJC_LITERAL_CONVERSION = YES;
				CLANG_WARN_OBJC_ROOT_CLASS = YES_ERROR;
				CLANG_WARN_QUOTED_INCLUDE_IN_FRAMEWORK_HEADER = YES;
				CLANG_WARN_RANGE_LOOP_ANALYSIS = YES;
				CLANG_WARN_STRICT_PROTOTYPES = YES;
				CLANG_WARN_SUSPICIOUS_MOVE = YES;
				CLANG_WARN_UNGUARDED_AVAILABILITY = YES_AGGRESSIVE;
				CLANG_WARN_UNREACHABLE_CODE = YES;
				CLANG_WARN__DUPLICATE_METHOD_MATCH = YES;
				COPY_PHASE_STRIP = NO;
				DEBUG_INFORMATION_FORMAT = dwarf;
				ENABLE_STRICT_OBJC_MSGSEND = YES;
				ENABLE_TESTABILITY = YES;
				ENABLE_USER_SCRIPT_SANDBOXING = YES;
				GCC_C_LANGUAGE_STANDARD = gnu17;
				GCC_DYNAMIC_NO_PIC = NO;
				GCC_NO_COMMON_BLOCKS = YES;
				GCC_OPTIMIZATION_LEVEL = 0;
				GCC_PREPROCESSOR_DEFINITIONS = (
					"DEBUG=1",
					"$(inherited)",
				);
				GCC_WARN_64_TO_32_BIT_CONVERSION = YES;
				GCC_WARN_ABOUT_RETURN_TYPE = YES_ERROR;
				GCC_WARN_UNDECLARED_SELECTOR = YES;
				GCC_WARN_UNINITIALIZED_AUTOS = YES_AGGRESSIVE;
				GCC_WARN_UNUSED_FUNCTION = YES;
				GCC_WARN_UNUSED_VARIABLE = YES;
				LOCALIZATION_PREFERS_STRING_CATALOGS = YES;
				MTL_ENABLE_DEBUG_INFO = INCLUDE_SOURCE;
				MTL_FAST_MATH = YES;
				ONLY_ACTIVE_ARCH = YES;
				SWIFT_ACTIVE_COMPILATION_CONDITIONS = "DEBUG $(inherited)";
				SWIFT_OPTIMIZATION_LEVEL = "-Onone";
			};
			name = Debug;
		};
		DD1FE6842DA6933C00CFA58F /* Release */ = {
			isa = XCBuildConfiguration;
			buildSettings = {
				ALWAYS_SEARCH_USER_PATHS = NO;
				ASSETCATALOG_COMPILER_GENERATE_SWIFT_ASSET_SYMBOL_EXTENSIONS = YES;
				CLANG_ANALYZER_NONNULL = YES;
				CLANG_ANALYZER_NUMBER_OBJECT_CONVERSION = YES_AGGRESSIVE;
				CLANG_CXX_LANGUAGE_STANDARD = "gnu++20";
				CLANG_ENABLE_MODULES = YES;
				CLANG_ENABLE_OBJC_ARC = YES;
				CLANG_ENABLE_OBJC_WEAK = YES;
				CLANG_WARN_BLOCK_CAPTURE_AUTORELEASING = YES;
				CLANG_WARN_BOOL_CONVERSION = YES;
				CLANG_WARN_COMMA = YES;
				CLANG_WARN_CONSTANT_CONVERSION = YES;
				CLANG_WARN_DEPRECATED_OBJC_IMPLEMENTATIONS = YES;
				CLANG_WARN_DIRECT_OBJC_ISA_USAGE = YES_ERROR;
				CLANG_WARN_DOCUMENTATION_COMMENTS = YES;
				CLANG_WARN_EMPTY_BODY = YES;
				CLANG_WARN_ENUM_CONVERSION = YES;
				CLANG_WARN_INFINITE_RECURSION = YES;
				CLANG_WARN_INT_CONVERSION = YES;
				CLANG_WARN_NON_LITERAL_NULL_CONVERSION = YES;
				CLANG_WARN_OBJC_IMPLICIT_RETAIN_SELF = YES;
				CLANG_WARN_OBJC_LITERAL_CONVERSION = YES;
				CLANG_WARN_OBJC_ROOT_CLASS = YES_ERROR;
				CLANG_WARN_QUOTED_INCLUDE_IN_FRAMEWORK_HEADER = YES;
				CLANG_WARN_RANGE_LOOP_ANALYSIS = YES;
				CLANG_WARN_STRICT_PROTOTYPES = YES;
				CLANG_WARN_SUSPICIOUS_MOVE = YES;
				CLANG_WARN_UNGUARDED_AVAILABILITY = YES_AGGRESSIVE;
				CLANG_WARN_UNREACHABLE_CODE = YES;
				CLANG_WARN__DUPLICATE_METHOD_MATCH = YES;
				COPY_PHASE_STRIP = NO;
				DEBUG_INFORMATION_FORMAT = "dwarf-with-dsym";
				ENABLE_NS_ASSERTIONS = NO;
				ENABLE_STRICT_OBJC_MSGSEND = YES;
				ENABLE_USER_SCRIPT_SANDBOXING = YES;
				GCC_C_LANGUAGE_STANDARD = gnu17;
				GCC_NO_COMMON_BLOCKS = YES;
				GCC_WARN_64_TO_32_BIT_CONVERSION = YES;
				GCC_WARN_ABOUT_RETURN_TYPE = YES_ERROR;
				GCC_WARN_UNDECLARED_SELECTOR = YES;
				GCC_WARN_UNINITIALIZED_AUTOS = YES_AGGRESSIVE;
				GCC_WARN_UNUSED_FUNCTION = YES;
				GCC_WARN_UNUSED_VARIABLE = YES;
				LOCALIZATION_PREFERS_STRING_CATALOGS = YES;
				MTL_ENABLE_DEBUG_INFO = NO;
				MTL_FAST_MATH = YES;
				SWIFT_COMPILATION_MODE = wholemodule;
			};
			name = Release;
		};
		DD1FE6862DA6933C00CFA58F /* Debug */ = {
			isa = XCBuildConfiguration;
			buildSettings = {
				ASSETCATALOG_COMPILER_APPICON_NAME = AppIcon;
				ASSETCATALOG_COMPILER_GLOBAL_ACCENT_COLOR_NAME = AccentColor;
				CODE_SIGN_ENTITLEMENTS = "Pearl River/Pearl_River.entitlements";
				CODE_SIGN_STYLE = Automatic;
				CURRENT_PROJECT_VERSION = 1;
				DEVELOPMENT_ASSET_PATHS = "\"Pearl River/Preview Content\"";
				DEVELOPMENT_TEAM = "";
				ENABLE_HARDENED_RUNTIME = YES;
				ENABLE_PREVIEWS = YES;
				GENERATE_INFOPLIST_FILE = YES;
				INFOPLIST_FILE = "Pearl-River-Info.plist";
				"INFOPLIST_KEY_UIApplicationSceneManifest_Generation[sdk=iphoneos*]" = YES;
				"INFOPLIST_KEY_UIApplicationSceneManifest_Generation[sdk=iphonesimulator*]" = YES;
				"INFOPLIST_KEY_UIApplicationSupportsIndirectInputEvents[sdk=iphoneos*]" = YES;
				"INFOPLIST_KEY_UIApplicationSupportsIndirectInputEvents[sdk=iphonesimulator*]" = YES;
				"INFOPLIST_KEY_UILaunchScreen_Generation[sdk=iphoneos*]" = YES;
				"INFOPLIST_KEY_UILaunchScreen_Generation[sdk=iphonesimulator*]" = YES;
				"INFOPLIST_KEY_UIStatusBarStyle[sdk=iphoneos*]" = UIStatusBarStyleDefault;
				"INFOPLIST_KEY_UIStatusBarStyle[sdk=iphonesimulator*]" = UIStatusBarStyleDefault;
				INFOPLIST_KEY_UISupportedInterfaceOrientations = "UIInterfaceOrientationLandscapeLeft UIInterfaceOrientationLandscapeRight UIInterfaceOrientationPortrait";
				IPHONEOS_DEPLOYMENT_TARGET = 14.5;
				LD_RUNPATH_SEARCH_PATHS = "@executable_path/Frameworks";
				"LD_RUNPATH_SEARCH_PATHS[sdk=macosx*]" = "@executable_path/../Frameworks";
				MACOSX_DEPLOYMENT_TARGET = 14.5;
				MARKETING_VERSION = 1.0;
				PRODUCT_BUNDLE_IDENTIFIER = com.pearlrvr.games;
				PRODUCT_NAME = "Pearl River Games";
				SDKROOT = auto;
				SUPPORTED_PLATFORMS = "iphoneos iphonesimulator";
				SUPPORTS_MACCATALYST = NO;
				SWIFT_EMIT_LOC_STRINGS = YES;
				SWIFT_VERSION = 5.0;
				TARGETED_DEVICE_FAMILY = "1,2";
			};
			name = Debug;
		};
		DD1FE6872DA6933C00CFA58F /* Release */ = {
			isa = XCBuildConfiguration;
			buildSettings = {
				ASSETCATALOG_COMPILER_APPICON_NAME = AppIcon;
				ASSETCATALOG_COMPILER_GLOBAL_ACCENT_COLOR_NAME = AccentColor;
				CODE_SIGN_ENTITLEMENTS = "Pearl River/Pearl_River.entitlements";
				CODE_SIGN_STYLE = Automatic;
				CURRENT_PROJECT_VERSION = 1;
				DEVELOPMENT_ASSET_PATHS = "\"Pearl River/Preview Content\"";
				DEVELOPMENT_TEAM = "";
				ENABLE_HARDENED_RUNTIME = YES;
				ENABLE_PREVIEWS = YES;
				GENERATE_INFOPLIST_FILE = YES;
				INFOPLIST_FILE = "Pearl-River-Info.plist";
				"INFOPLIST_KEY_UIApplicationSceneManifest_Generation[sdk=iphoneos*]" = YES;
				"INFOPLIST_KEY_UIApplicationSceneManifest_Generation[sdk=iphonesimulator*]" = YES;
				"INFOPLIST_KEY_UIApplicationSupportsIndirectInputEvents[sdk=iphoneos*]" = YES;
				"INFOPLIST_KEY_UIApplicationSupportsIndirectInputEvents[sdk=iphonesimulator*]" = YES;
				"INFOPLIST_KEY_UILaunchScreen_Generation[sdk=iphoneos*]" = YES;
				"INFOPLIST_KEY_UILaunchScreen_Generation[sdk=iphonesimulator*]" = YES;
				"INFOPLIST_KEY_UIStatusBarStyle[sdk=iphoneos*]" = UIStatusBarStyleDefault;
				"INFOPLIST_KEY_UIStatusBarStyle[sdk=iphonesimulator*]" = UIStatusBarStyleDefault;
				INFOPLIST_KEY_UISupportedInterfaceOrientations = "UIInterfaceOrientationLandscapeLeft UIInterfaceOrientationLandscapeRight UIInterfaceOrientationPortrait";
				IPHONEOS_DEPLOYMENT_TARGET = 14.5;
				LD_RUNPATH_SEARCH_PATHS = "@executable_path/Frameworks";
				"LD_RUNPATH_SEARCH_PATHS[sdk=macosx*]" = "@executable_path/../Frameworks";
				MACOSX_DEPLOYMENT_TARGET = 14.5;
				MARKETING_VERSION = 1.0;
				PRODUCT_BUNDLE_IDENTIFIER = com.pearlrvr.games;
				PRODUCT_NAME = "Pearl River Games";
				SDKROOT = auto;
				SUPPORTED_PLATFORMS = "iphoneos iphonesimulator";
				SUPPORTS_MACCATALYST = NO;
				SWIFT_EMIT_LOC_STRINGS = YES;
				SWIFT_VERSION = 5.0;
				TARGETED_DEVICE_FAMILY = "1,2";
			};
			name = Release;
		};
/* End XCBuildConfiguration section */

/* Begin XCConfigurationList section */
		DD1FE6712DA6933A00CFA58F /* Build configuration list for PBXProject "Pearl River" */ = {
			isa = XCConfigurationList;
			buildConfigurations = (
				DD1FE6832DA6933C00CFA58F /* Debug */,
				DD1FE6842DA6933C00CFA58F /* Release */,
			);
			defaultConfigurationIsVisible = 0;
			defaultConfigurationName = Release;
		};
		DD1FE6852DA6933C00CFA58F /* Build configuration list for PBXNativeTarget "Pearl River" */ = {
			isa = XCConfigurationList;
			buildConfigurations = (
				DD1FE6862DA6933C00CFA58F /* Debug */,
				DD1FE6872DA6933C00CFA58F /* Release */,
			);
			defaultConfigurationIsVisible = 0;
			defaultConfigurationName = Release;
		};
/* End XCConfigurationList section */
	};
	rootObject = DD1FE66E2DA6933A00CFA58F /* Project object */;
}
